
Microsoft Visual Studio Solution File, Format Version 12.00
# Visual Studio Version 17
VisualStudioVersion = 17.5.002.0
MinimumVisualStudioVersion = 10.0.40219.1
Project("{9A19103F-16F7-4668-BE54-9A1E7A4F7556}") = "AT-SCC", "AT-SCC.csproj", "{84704CEB-3480-4DCA-BF36-D2811FA1177D}"
EndProject
Global
	GlobalSection(SolutionConfigurationPlatforms) = preSolution
		Debug|Any CPU = Debug|Any CPU
		Release|Any CPU = Release|Any CPU
	EndGlobalSection
	GlobalSection(ProjectConfigurationPlatforms) = postSolution
		{84704CEB-3480-4DCA-BF36-D2811FA1177D}.Debug|Any CPU.ActiveCfg = Debug|Any CPU
		{84704CEB-3480-4DCA-BF36-D2811FA1177D}.Debug|Any CPU.Build.0 = Debug|Any CPU
		{84704CEB-3480-4DCA-BF36-D2811FA1177D}.Release|Any CPU.ActiveCfg = Release|Any CPU
		{84704CEB-3480-4DCA-BF36-D2811FA1177D}.Release|Any CPU.Build.0 = Release|Any CPU
	EndGlobalSection
	GlobalSection(SolutionProperties) = preSolution
		HideSolutionNode = FALSE
	EndGlobalSection
	GlobalSection(ExtensibilityGlobals) = postSolution
		SolutionGuid = {5624A721-E263-41F0-A839-CF71214CC83F}
	EndGlobalSection
EndGlobal
